
Microsoft Visual Studio Solution File, Format Version 12.00
# Visual Studio 2012
Project("{FAE04EC0-301F-11D3-BF4B-00C04F79EFBC}") = "Demo", "Demo\Demo.csproj", "{B9BD302A-7DC4-459D-9862-34D64450532F}"
EndProject
Global
	GlobalSection(SolutionConfigurationPlatforms) = preSolution
		Debug|Any CPU = Debug|Any CPU
		Release|Any CPU = Release|Any CPU
	EndGlobalSection
	GlobalSection(ProjectConfigurationPlatforms) = postSolution
		{B9BD302A-7DC4-459D-9862-34D64450532F}.Debug|Any CPU.ActiveCfg = Debug|Any CPU
		{B9BD302A-7DC4-459D-9862-34D64450532F}.Debug|Any CPU.Build.0 = Debug|Any CPU
		{B9BD302A-7DC4-459D-9862-34D64450532F}.Release|Any CPU.ActiveCfg = Release|Any CPU
		{B9BD302A-7DC4-459D-9862-34D64450532F}.Release|Any CPU.Build.0 = Release|Any CPU
	EndGlobalSection
	GlobalSection(SolutionProperties) = preSolution
		HideSolutionNode = FALSE
	EndGlobalSection
EndGlobal
